{
  "name": "@thezelijah/majik-subscription",
  "version": "1.0.0",
  "lockfileVersion": 3,
  "requires": true,
  "packages": {
    "": {
      "name": "@thezelijah/majik-subscription",
      "version": "1.0.0",
      "license": "ISC",
      "dependencies": {
        "@thezelijah/majik-money": "^1.0.3",
        "nanoid": "^5.1.6",
        "typescript": "^5.9.3"
      }
    },
    "node_modules/@thezelijah/majik-money": {
      "version": "1.0.3",
      "resolved": "https://registry.npmjs.org/@thezelijah/majik-money/-/majik-money-1.0.3.tgz",
      "integrity": "sha512-s/IcufLHAj5fy45if2wRX0F6zt/zkiOdcOc02xOrLgZc7+YjpTV2mXm/XNoB3HqNVidfvCl6Owsr78oK+oxwpQ==",
      "license": "ISC",
      "dependencies": {
        "decimal.js": "^10.6.0",
        "typescript": "^5.9.3"
      }
    },
    "node_modules/decimal.js": {
      "version": "10.6.0",
      "resolved": "https://registry.npmjs.org/decimal.js/-/decimal.js-10.6.0.tgz",
      "integrity": "sha512-YpgQiITW3JXGntzdUmyUR1V812Hn8T1YVXhCu+wO3OpS4eU9l4YdD3qjyiKdV6mvV29zapkMeD390UVEf2lkUg==",
      "license": "MIT"
    },
    "node_modules/nanoid": {
      "version": "5.1.6",
      "resolved": "https://registry.npmjs.org/nanoid/-/nanoid-5.1.6.tgz",
      "integrity": "sha512-c7+7RQ+dMB5dPwwCp4ee1/iV/q2P6aK1mTZcfr1BTuVlyW9hJYiMPybJCcnBlQtuSmTIWNeazm/zqNoZSSElBg==",
      "funding": [
        {
          "type": "github",
          "url": "https://github.com/sponsors/ai"
        }
      ],
      "license": "MIT",
      "bin": {
        "nanoid": "bin/nanoid.js"
      },
      "engines": {
        "node": "^18 || >=20"
      }
    },
    "node_modules/typescript": {
      "version": "5.9.3",
      "resolved": "https://registry.npmjs.org/typescript/-/typescript-5.9.3.tgz",
      "integrity": "sha512-jl1vZzPDinLr9eUt3J/t7V6FgNEw9QjvBPdysz9KfQDD41fQrC2Y4vKQdiaUpFT4bXlb1RHhLpp8wtm6M5TgSw==",
      "license": "Apache-2.0",
      "bin": {
        "tsc": "bin/tsc",
        "tsserver": "bin/tsserver"
      },
      "engines": {
        "node": ">=14.17"
      }
    }
  }
}
